
Microsoft Visual Studio Solution File, Format Version 12.00
# Visual Studio Version 17
VisualStudioVersion = 17.0.32002.185
MinimumVisualStudioVersion = 10.0.40219.1
Project("{2150E333-8FDC-42A3-9474-1A3956D46DE8}") = "Services", "Services", "{A569E6A8-277B-47D0-87E4-E30A5ADC2F4E}"
EndProject
Project("{2150E333-8FDC-42A3-9474-1A3956D46DE8}") = "Catalog", "Catalog", "{B5D2C67F-ECB6-40B8-B237-601CF7FA3729}"
EndProject
Project("{9A19103F-16F7-4668-BE54-9A1E7A4F7556}") = "Catalog.API", "Services\Catalog\Catalog.API\Catalog.API.csproj", "{DA3F7CAB-DB88-4E13-91E0-C56956638594}"
EndProject
Project("{E53339B2-1760-4266-BCC7-CA923CBCF16C}") = "docker-compose", "docker-compose.dcproj", "{3CAECE89-C486-4591-B19D-9F063FEFA3C7}"
EndProject
Project("{2150E333-8FDC-42A3-9474-1A3956D46DE8}") = "Basket", "Basket", "{089B0EC7-9475-4851-9F3D-80CBCD4560F6}"
EndProject
Project("{9A19103F-16F7-4668-BE54-9A1E7A4F7556}") = "Basket.API", "Services\Basket\Basket.API\Basket.API.csproj", "{5209164B-05B6-40D3-941B-B23A5BC2E8FC}"
EndProject
Project("{2150E333-8FDC-42A3-9474-1A3956D46DE8}") = "Discount", "Discount", "{90339AB9-9D87-4281-A271-05DCD9C68BD1}"
EndProject
Project("{FAE04EC0-301F-11D3-BF4B-00C04F79EFBC}") = "Discount.API", "Services\Discount\Discount.API\Discount.API.csproj", "{8FCD8FAB-822F-4C48-88D9-D4FDE149D0F0}"
EndProject
Global
	GlobalSection(SolutionConfigurationPlatforms) = preSolution
		Debug|Any CPU = Debug|Any CPU
		Release|Any CPU = Release|Any CPU
	EndGlobalSection
	GlobalSection(ProjectConfigurationPlatforms) = postSolution
		{DA3F7CAB-DB88-4E13-91E0-C56956638594}.Debug|Any CPU.ActiveCfg = Debug|Any CPU
		{DA3F7CAB-DB88-4E13-91E0-C56956638594}.Debug|Any CPU.Build.0 = Debug|Any CPU
		{DA3F7CAB-DB88-4E13-91E0-C56956638594}.Release|Any CPU.ActiveCfg = Release|Any CPU
		{DA3F7CAB-DB88-4E13-91E0-C56956638594}.Release|Any CPU.Build.0 = Release|Any CPU
		{3CAECE89-C486-4591-B19D-9F063FEFA3C7}.Debug|Any CPU.ActiveCfg = Debug|Any CPU
		{3CAECE89-C486-4591-B19D-9F063FEFA3C7}.Debug|Any CPU.Build.0 = Debug|Any CPU
		{3CAECE89-C486-4591-B19D-9F063FEFA3C7}.Release|Any CPU.ActiveCfg = Release|Any CPU
		{3CAECE89-C486-4591-B19D-9F063FEFA3C7}.Release|Any CPU.Build.0 = Release|Any CPU
		{5209164B-05B6-40D3-941B-B23A5BC2E8FC}.Debug|Any CPU.ActiveCfg = Debug|Any CPU
		{5209164B-05B6-40D3-941B-B23A5BC2E8FC}.Debug|Any CPU.Build.0 = Debug|Any CPU
		{5209164B-05B6-40D3-941B-B23A5BC2E8FC}.Release|Any CPU.ActiveCfg = Release|Any CPU
		{5209164B-05B6-40D3-941B-B23A5BC2E8FC}.Release|Any CPU.Build.0 = Release|Any CPU
		{8FCD8FAB-822F-4C48-88D9-D4FDE149D0F0}.Debug|Any CPU.ActiveCfg = Debug|Any CPU
		{8FCD8FAB-822F-4C48-88D9-D4FDE149D0F0}.Debug|Any CPU.Build.0 = Debug|Any CPU
		{8FCD8FAB-822F-4C48-88D9-D4FDE149D0F0}.Release|Any CPU.ActiveCfg = Release|Any CPU
		{8FCD8FAB-822F-4C48-88D9-D4FDE149D0F0}.Release|Any CPU.Build.0 = Release|Any CPU
	EndGlobalSection
	GlobalSection(SolutionProperties) = preSolution
		HideSolutionNode = FALSE
	EndGlobalSection
	GlobalSection(NestedProjects) = preSolution
		{B5D2C67F-ECB6-40B8-B237-601CF7FA3729} = {A569E6A8-277B-47D0-87E4-E30A5ADC2F4E}
		{DA3F7CAB-DB88-4E13-91E0-C56956638594} = {B5D2C67F-ECB6-40B8-B237-601CF7FA3729}
		{089B0EC7-9475-4851-9F3D-80CBCD4560F6} = {A569E6A8-277B-47D0-87E4-E30A5ADC2F4E}
		{5209164B-05B6-40D3-941B-B23A5BC2E8FC} = {089B0EC7-9475-4851-9F3D-80CBCD4560F6}
		{90339AB9-9D87-4281-A271-05DCD9C68BD1} = {A569E6A8-277B-47D0-87E4-E30A5ADC2F4E}
		{8FCD8FAB-822F-4C48-88D9-D4FDE149D0F0} = {90339AB9-9D87-4281-A271-05DCD9C68BD1}
	EndGlobalSection
	GlobalSection(ExtensibilityGlobals) = postSolution
		SolutionGuid = {D1B191E9-530D-492B-8F65-8C75261C8E8B}
	EndGlobalSection
EndGlobal
